<?xml version="1.0" encoding="utf-8"?>
<Project ToolsVersion="4.0" xmlns="http://schemas.microsoft.com/developer/msbuild/2003">
  <ItemGroup>
    <Filter Include="Source Files">
      <UniqueIdentifier>{4FC737F1-C7A5-4376-A066-2A32D752A2FF}</UniqueIdentifier>
      <Extensions>cpp;c;cc;cxx;def;odl;idl;hpj;bat;asm;asmx</Extensions>
    </Filter>
    <Filter Include="Header Files">
      <UniqueIdentifier>{93995380-89BD-4b04-88EB-625FBE52EBFB}</UniqueIdentifier>
      <Extensions>h;hpp;hxx;hm;inl;inc;xsd</Extensions>
    </Filter>
    <Filter Include="Resource Files">
      <UniqueIdentifier>{67DA6AB6-F800-4c08-8B7A-83BB121AAD01}</UniqueIdentifier>
      <Extensions>rc;ico;cur;bmp;dlg;rc2;rct;bin;rgs;gif;jpg;jpeg;jpe;resx;tiff;tif;png;wav;mfcribbon-ms</Extensions>
    </Filter>
    <Filter Include="Resource Files\AnimationPNG">
      <UniqueIdentifier>{9c114a79-6a85-4fad-9786-bacdb7926aca}</UniqueIdentifier>
    </Filter>
    <Filter Include="Resource Files\Models">
      <UniqueIdentifier>{245b2b63-b20e-40ce-ab9e-46658bb8e238}</UniqueIdentifier>
    </Filter>
    <Filter Include="Resource Files\Sprites">
      <UniqueIdentifier>{c98a8e97-91f2-4ffb-baf0-15848235f7e2}</UniqueIdentifier>
    </Filter>
    <Filter Include="Resource Files\Sound">
      <UniqueIdentifier>{a922570a-1af9-4718-8312-fdde1860d937}</UniqueIdentifier>
    </Filter>
  </ItemGroup>
  <ItemGroup>
    <ClCompile Include="Source_Code\CPP\CollisionGeo.cpp">
      <Filter>Source Files</Filter>
    </ClCompile>
    <ClCompile Include="Source_Code\CPP\DebugCube.cpp">
      <Filter>Source Files</Filter>
    </ClCompile>
    <ClCompile Include="Source_Code\CPP\InputHandler.cpp">
      <Filter>Source Files</Filter>
    </ClCompile>
    <ClCompile Include="Source_Code\CPP\Main.cpp">
      <Filter>Source Files</Filter>
    </ClCompile>
    <ClCompile Include="Source_Code\CPP\Object2D.cpp">
      <Filter>Source Files</Filter>
    </ClCompile>
    <ClCompile Include="Source_Code\CPP\Object3D.cpp">
      <Filter>Source Files</Filter>
    </ClCompile>
    <ClCompile Include="Source_Code\CPP\ResourceManager.cpp">
      <Filter>Source Files</Filter>
    </ClCompile>
    <ClCompile Include="Source_Code\CPP\SoundHandler.cpp">
      <Filter>Source Files</Filter>
    </ClCompile>
    <ClCompile Include="Source_Code\CPP\ThempX.cpp">
      <Filter>Source Files</Filter>
    </ClCompile>
  </ItemGroup>
  <ItemGroup>
    <ClInclude Include="Source_Code\Headers\CollisionGeo.h">
      <Filter>Header Files</Filter>
    </ClInclude>
    <ClInclude Include="Source_Code\Headers\DebugCube.h">
      <Filter>Header Files</Filter>
    </ClInclude>
    <ClInclude Include="Source_Code\Headers\InputHandler.h">
      <Filter>Header Files</Filter>
    </ClInclude>
    <ClInclude Include="Source_Code\Headers\Main.h">
      <Filter>Header Files</Filter>
    </ClInclude>
    <ClInclude Include="Source_Code\Headers\Object2D.h">
      <Filter>Header Files</Filter>
    </ClInclude>
    <ClInclude Include="Source_Code\Headers\Object3D.h">
      <Filter>Header Files</Filter>
    </ClInclude>
    <ClInclude Include="Source_Code\Headers\ResourceManager.h">
      <Filter>Header Files</Filter>
    </ClInclude>
    <ClInclude Include="Source_Code\Headers\SoundHandler.h">
      <Filter>Header Files</Filter>
    </ClInclude>
    <ClInclude Include="Source_Code\Headers\ThempX.h">
      <Filter>Header Files</Filter>
    </ClInclude>
  </ItemGroup>
  <ItemGroup>
    <None Include="Resources\level.txt">
      <Filter>Resource Files</Filter>
    </None>
    <None Include="Resources\AnimationPNG\DukeAnimAlien.png">
      <Filter>Resource Files\AnimationPNG</Filter>
    </None>
    <None Include="Resources\AnimationPNG\DukeAnimAlien.txt">
      <Filter>Resource Files\AnimationPNG</Filter>
    </None>
    <None Include="Resources\Models\Car.x">
      <Filter>Resource Files\Models</Filter>
    </None>
    <None Include="Resources\Models\CarTexture.jpg">
      <Filter>Resource Files\Models</Filter>
    </None>
    <None Include="Resources\Models\CityPart1.jpg">
      <Filter>Resource Files\Models</Filter>
    </None>
    <None Include="Resources\Models\CityPart1.x">
      <Filter>Resource Files\Models</Filter>
    </None>
    <None Include="Resources\Models\CubeGreen.png">
      <Filter>Resource Files\Models</Filter>
    </None>
    <None Include="Resources\Models\CubeRed.png">
      <Filter>Resource Files\Models</Filter>
    </None>
    <None Include="Resources\Models\DebugTexture.png">
      <Filter>Resource Files\Models</Filter>
    </None>
    <None Include="Resources\Sprites\enemy.png">
      <Filter>Resource Files\Sprites</Filter>
    </None>
    <None Include="Resources\Sprites\toiletmonster.png">
      <Filter>Resource Files\Sprites</Filter>
    </None>
    <None Include="Resources\Sound\test.wav">
      <Filter>Resource Files\Sound</Filter>
    </None>
  </ItemGroup>
</Project>